// !$*UTF8*$!
{
	archiveVersion = 1;
	classes = {
	};
	objectVersion = 56;
	objects = {

/* Begin PBXBuildFile section */
		6BC0B66DCFE121570FE72DA6 /* Pods_try_car.framework in Frameworks */ = {isa = PBXBuildFile; fileRef = F3349FB64D59208BBD3DB7E7 /* Pods_try_car.framework */; };
		84968F26298278400071DDA0 /* try_carApp.swift in Sources */ = {isa = PBXBuildFile; fileRef = 84968F25298278400071DDA0 /* try_carApp.swift */; };
		84968F28298278400071DDA0 /* ContentView.swift in Sources */ = {isa = PBXBuildFile; fileRef = 84968F27298278400071DDA0 /* ContentView.swift */; };
		84968F2A298278420071DDA0 /* Assets.xcassets in Resources */ = {isa = PBXBuildFile; fileRef = 84968F29298278420071DDA0 /* Assets.xcassets */; };
		84968F2D298278420071DDA0 /* Preview Assets.xcassets in Resources */ = {isa = PBXBuildFile; fileRef = 84968F2C298278420071DDA0 /* Preview Assets.xcassets */; };
		84968F2F298278420071DDA0 /* Persistence.swift in Sources */ = {isa = PBXBuildFile; fileRef = 84968F2E298278420071DDA0 /* Persistence.swift */; };
		84968F32298278420071DDA0 /* try_car.xcdatamodeld in Sources */ = {isa = PBXBuildFile; fileRef = 84968F30298278420071DDA0 /* try_car.xcdatamodeld */; };
		84968F3F2982824A0071DDA0 /* TabBarView.swift in Sources */ = {isa = PBXBuildFile; fileRef = 84968F3E2982824A0071DDA0 /* TabBarView.swift */; };
		84968F42298283D60071DDA0 /* CoreDataSampleView.swift in Sources */ = {isa = PBXBuildFile; fileRef = 84968F41298283D60071DDA0 /* CoreDataSampleView.swift */; };
		84968F4529828C500071DDA0 /* BaseNetwork.swift in Sources */ = {isa = PBXBuildFile; fileRef = 84968F4429828C500071DDA0 /* BaseNetwork.swift */; };
		84968F4729828C5A0071DDA0 /* TargetType.swift in Sources */ = {isa = PBXBuildFile; fileRef = 84968F4629828C5A0071DDA0 /* TargetType.swift */; };
		84968F4929828C690071DDA0 /* Constants.swift in Sources */ = {isa = PBXBuildFile; fileRef = 84968F4829828C690071DDA0 /* Constants.swift */; };
/* End PBXBuildFile section */

/* Begin PBXFileReference section */
		665DF80F08191C5B71152805 /* Pods-try_car.release.xcconfig */ = {isa = PBXFileReference; includeInIndex = 1; lastKnownFileType = text.xcconfig; name = "Pods-try_car.release.xcconfig"; path = "Target Support Files/Pods-try_car/Pods-try_car.release.xcconfig"; sourceTree = "<group>"; };
		84968F22298278400071DDA0 /* try_car.app */ = {isa = PBXFileReference; explicitFileType = wrapper.application; includeInIndex = 0; path = try_car.app; sourceTree = BUILT_PRODUCTS_DIR; };
		84968F25298278400071DDA0 /* try_carApp.swift */ = {isa = PBXFileReference; lastKnownFileType = sourcecode.swift; path = try_carApp.swift; sourceTree = "<group>"; };
		84968F27298278400071DDA0 /* ContentView.swift */ = {isa = PBXFileReference; lastKnownFileType = sourcecode.swift; path = ContentView.swift; sourceTree = "<group>"; };
		84968F29298278420071DDA0 /* Assets.xcassets */ = {isa = PBXFileReference; lastKnownFileType = folder.assetcatalog; path = Assets.xcassets; sourceTree = "<group>"; };
		84968F2C298278420071DDA0 /* Preview Assets.xcassets */ = {isa = PBXFileReference; lastKnownFileType = folder.assetcatalog; path = "Preview Assets.xcassets"; sourceTree = "<group>"; };
		84968F2E298278420071DDA0 /* Persistence.swift */ = {isa = PBXFileReference; lastKnownFileType = sourcecode.swift; path = Persistence.swift; sourceTree = "<group>"; };
		84968F31298278420071DDA0 /* try_car.xcdatamodel */ = {isa = PBXFileReference; lastKnownFileType = wrapper.xcdatamodel; path = try_car.xcdatamodel; sourceTree = "<group>"; };
		84968F3E2982824A0071DDA0 /* TabBarView.swift */ = {isa = PBXFileReference; lastKnownFileType = sourcecode.swift; path = TabBarView.swift; sourceTree = "<group>"; };
		84968F41298283D60071DDA0 /* CoreDataSampleView.swift */ = {isa = PBXFileReference; lastKnownFileType = sourcecode.swift; path = CoreDataSampleView.swift; sourceTree = "<group>"; };
		84968F4429828C500071DDA0 /* BaseNetwork.swift */ = {isa = PBXFileReference; lastKnownFileType = sourcecode.swift; path = BaseNetwork.swift; sourceTree = "<group>"; };
		84968F4629828C5A0071DDA0 /* TargetType.swift */ = {isa = PBXFileReference; lastKnownFileType = sourcecode.swift; path = TargetType.swift; sourceTree = "<group>"; };
		84968F4829828C690071DDA0 /* Constants.swift */ = {isa = PBXFileReference; lastKnownFileType = sourcecode.swift; path = Constants.swift; sourceTree = "<group>"; };
		E4830B3AC3A469ECD27CEC2B /* Pods-try_car.debug.xcconfig */ = {isa = PBXFileReference; includeInIndex = 1; lastKnownFileType = text.xcconfig; name = "Pods-try_car.debug.xcconfig"; path = "Target Support Files/Pods-try_car/Pods-try_car.debug.xcconfig"; sourceTree = "<group>"; };
		F3349FB64D59208BBD3DB7E7 /* Pods_try_car.framework */ = {isa = PBXFileReference; explicitFileType = wrapper.framework; includeInIndex = 0; path = Pods_try_car.framework; sourceTree = BUILT_PRODUCTS_DIR; };
/* End PBXFileReference section */

/* Begin PBXFrameworksBuildPhase section */
		84968F1F298278400071DDA0 /* Frameworks */ = {
			isa = PBXFrameworksBuildPhase;
			buildActionMask = 2147483647;
			files = (
				6BC0B66DCFE121570FE72DA6 /* Pods_try_car.framework in Frameworks */,
			);
			runOnlyForDeploymentPostprocessing = 0;
		};
/* End PBXFrameworksBuildPhase section */

/* Begin PBXGroup section */
		6799407D2FECD682FAD530D1 /* Frameworks */ = {
			isa = PBXGroup;
			children = (
				F3349FB64D59208BBD3DB7E7 /* Pods_try_car.framework */,
			);
			name = Frameworks;
			sourceTree = "<group>";
		};
		84968F19298278400071DDA0 = {
			isa = PBXGroup;
			children = (
				84968F24298278400071DDA0 /* try_car */,
				84968F23298278400071DDA0 /* Products */,
				860B706EE745EFE15526F6FC /* Pods */,
				6799407D2FECD682FAD530D1 /* Frameworks */,
			);
			sourceTree = "<group>";
		};
		84968F23298278400071DDA0 /* Products */ = {
			isa = PBXGroup;
			children = (
				84968F22298278400071DDA0 /* try_car.app */,
			);
			name = Products;
			sourceTree = "<group>";
		};
		84968F24298278400071DDA0 /* try_car */ = {
			isa = PBXGroup;
			children = (
				84968F3A298280BA0071DDA0 /* Resources */,
				84968F39298280A30071DDA0 /* Manager */,
				84968F382982809D0071DDA0 /* Modules */,
				84968F25298278400071DDA0 /* try_carApp.swift */,
				84968F27298278400071DDA0 /* ContentView.swift */,
				84968F29298278420071DDA0 /* Assets.xcassets */,
				84968F2E298278420071DDA0 /* Persistence.swift */,
				84968F30298278420071DDA0 /* try_car.xcdatamodeld */,
				84968F2B298278420071DDA0 /* Preview Content */,
			);
			path = try_car;
			sourceTree = "<group>";
		};
		84968F2B298278420071DDA0 /* Preview Content */ = {
			isa = PBXGroup;
			children = (
				84968F2C298278420071DDA0 /* Preview Assets.xcassets */,
			);
			path = "Preview Content";
			sourceTree = "<group>";
		};
		84968F382982809D0071DDA0 /* Modules */ = {
			isa = PBXGroup;
			children = (
				84968F3B298282170071DDA0 /* CoreModule */,
			);
			path = Modules;
			sourceTree = "<group>";
		};
		84968F39298280A30071DDA0 /* Manager */ = {
			isa = PBXGroup;
			children = (
				84968F4329828BD30071DDA0 /* Network */,
			);
			path = Manager;
			sourceTree = "<group>";
		};
		84968F3A298280BA0071DDA0 /* Resources */ = {
			isa = PBXGroup;
			children = (
			);
			path = Resources;
			sourceTree = "<group>";
		};
		84968F3B298282170071DDA0 /* CoreModule */ = {
			isa = PBXGroup;
			children = (
				84968F40298283BF0071DDA0 /* CoreDataSample */,
				84968F3C2982822D0071DDA0 /* View */,
			);
			path = CoreModule;
			sourceTree = "<group>";
		};
		84968F3C2982822D0071DDA0 /* View */ = {
			isa = PBXGroup;
			children = (
				84968F3E2982824A0071DDA0 /* TabBarView.swift */,
			);
			path = View;
			sourceTree = "<group>";
		};
		84968F40298283BF0071DDA0 /* CoreDataSample */ = {
			isa = PBXGroup;
			children = (
				84968F41298283D60071DDA0 /* CoreDataSampleView.swift */,
			);
			path = CoreDataSample;
			sourceTree = "<group>";
		};
		84968F4329828BD30071DDA0 /* Network */ = {
			isa = PBXGroup;
			children = (
				84968F4429828C500071DDA0 /* BaseNetwork.swift */,
				84968F4629828C5A0071DDA0 /* TargetType.swift */,
				84968F4829828C690071DDA0 /* Constants.swift */,
			);
			path = Network;
			sourceTree = "<group>";
		};
		860B706EE745EFE15526F6FC /* Pods */ = {
			isa = PBXGroup;
			children = (
				E4830B3AC3A469ECD27CEC2B /* Pods-try_car.debug.xcconfig */,
				665DF80F08191C5B71152805 /* Pods-try_car.release.xcconfig */,
			);
			name = Pods;
			path = Pods;
			sourceTree = "<group>";
		};
/* End PBXGroup section */

/* Begin PBXNativeTarget section */
		84968F21298278400071DDA0 /* try_car */ = {
			isa = PBXNativeTarget;
			buildConfigurationList = 84968F35298278420071DDA0 /* Build configuration list for PBXNativeTarget "try_car" */;
			buildPhases = (
				2AE7FC51B23285F5D23D2C26 /* [CP] Check Pods Manifest.lock */,
				84968F1E298278400071DDA0 /* Sources */,
				84968F1F298278400071DDA0 /* Frameworks */,
				84968F20298278400071DDA0 /* Resources */,
				3DDB1EA730D468123B36A856 /* [CP] Embed Pods Frameworks */,
			);
			buildRules = (
			);
			dependencies = (
			);
			name = try_car;
			productName = try_car;
			productReference = 84968F22298278400071DDA0 /* try_car.app */;
			productType = "com.apple.product-type.application";
		};
/* End PBXNativeTarget section */

/* Begin PBXProject section */
		84968F1A298278400071DDA0 /* Project object */ = {
			isa = PBXProject;
			attributes = {
				BuildIndependentTargetsInParallel = 1;
				LastSwiftUpdateCheck = 1410;
				LastUpgradeCheck = 1410;
				TargetAttributes = {
					84968F21298278400071DDA0 = {
						CreatedOnToolsVersion = 14.1;
					};
				};
			};
			buildConfigurationList = 84968F1D298278400071DDA0 /* Build configuration list for PBXProject "try_car" */;
			compatibilityVersion = "Xcode 14.0";
			developmentRegion = en;
			hasScannedForEncodings = 0;
			knownRegions = (
				en,
				Base,
			);
			mainGroup = 84968F19298278400071DDA0;
			productRefGroup = 84968F23298278400071DDA0 /* Products */;
			projectDirPath = "";
			projectRoot = "";
			targets = (
				84968F21298278400071DDA0 /* try_car */,
			);
		};
/* End PBXProject section */

/* Begin PBXResourcesBuildPhase section */
		84968F20298278400071DDA0 /* Resources */ = {
			isa = PBXResourcesBuildPhase;
			buildActionMask = 2147483647;
			files = (
				84968F2D298278420071DDA0 /* Preview Assets.xcassets in Resources */,
				84968F2A298278420071DDA0 /* Assets.xcassets in Resources */,
			);
			runOnlyForDeploymentPostprocessing = 0;
		};
/* End PBXResourcesBuildPhase section */

/* Begin PBXShellScriptBuildPhase section */
		2AE7FC51B23285F5D23D2C26 /* [CP] Check Pods Manifest.lock */ = {
			isa = PBXShellScriptBuildPhase;
			buildActionMask = 2147483647;
			files = (
			);
			inputFileListPaths = (
			);
			inputPaths = (
				"${PODS_PODFILE_DIR_PATH}/Podfile.lock",
				"${PODS_ROOT}/Manifest.lock",
			);
			name = "[CP] Check Pods Manifest.lock";
			outputFileListPaths = (
			);
			outputPaths = (
				"$(DERIVED_FILE_DIR)/Pods-try_car-checkManifestLockResult.txt",
			);
			runOnlyForDeploymentPostprocessing = 0;
			shellPath = /bin/sh;
			shellScript = "diff \"${PODS_PODFILE_DIR_PATH}/Podfile.lock\" \"${PODS_ROOT}/Manifest.lock\" > /dev/null\nif [ $? != 0 ] ; then\n    # print error to STDERR\n    echo \"error: The sandbox is not in sync with the Podfile.lock. Run 'pod install' or update your CocoaPods installation.\" >&2\n    exit 1\nfi\n# This output is used by Xcode 'outputs' to avoid re-running this script phase.\necho \"SUCCESS\" > \"${SCRIPT_OUTPUT_FILE_0}\"\n";
			showEnvVarsInLog = 0;
		};
		3DDB1EA730D468123B36A856 /* [CP] Embed Pods Frameworks */ = {
			isa = PBXShellScriptBuildPhase;
			buildActionMask = 2147483647;
			files = (
			);
			inputFileListPaths = (
				"${PODS_ROOT}/Target Support Files/Pods-try_car/Pods-try_car-frameworks-${CONFIGURATION}-input-files.xcfilelist",
			);
			name = "[CP] Embed Pods Frameworks";
			outputFileListPaths = (
				"${PODS_ROOT}/Target Support Files/Pods-try_car/Pods-try_car-frameworks-${CONFIGURATION}-output-files.xcfilelist",
			);
			runOnlyForDeploymentPostprocessing = 0;
			shellPath = /bin/sh;
			shellScript = "\"${PODS_ROOT}/Target Support Files/Pods-try_car/Pods-try_car-frameworks.sh\"\n";
			showEnvVarsInLog = 0;
		};
/* End PBXShellScriptBuildPhase section */

/* Begin PBXSourcesBuildPhase section */
		84968F1E298278400071DDA0 /* Sources */ = {
			isa = PBXSourcesBuildPhase;
			buildActionMask = 2147483647;
			files = (
				84968F32298278420071DDA0 /* try_car.xcdatamodeld in Sources */,
				84968F42298283D60071DDA0 /* CoreDataSampleView.swift in Sources */,
				84968F2F298278420071DDA0 /* Persistence.swift in Sources */,
				84968F28298278400071DDA0 /* ContentView.swift in Sources */,
				84968F4729828C5A0071DDA0 /* TargetType.swift in Sources */,
				84968F3F2982824A0071DDA0 /* TabBarView.swift in Sources */,
				84968F26298278400071DDA0 /* try_carApp.swift in Sources */,
				84968F4529828C500071DDA0 /* BaseNetwork.swift in Sources */,
				84968F4929828C690071DDA0 /* Constants.swift in Sources */,
			);
			runOnlyForDeploymentPostprocessing = 0;
		};
/* End PBXSourcesBuildPhase section */

/* Begin XCBuildConfiguration section */
		84968F33298278420071DDA0 /* Debug */ = {
			isa = XCBuildConfiguration;
			buildSettings = {
				ALWAYS_SEARCH_USER_PATHS = NO;
				CLANG_ANALYZER_NONNULL = YES;
				CLANG_ANALYZER_NUMBER_OBJECT_CONVERSION = YES_AGGRESSIVE;
				CLANG_CXX_LANGUAGE_STANDARD = "gnu++20";
				CLANG_ENABLE_MODULES = YES;
				CLANG_ENABLE_OBJC_ARC = YES;
				CLANG_ENABLE_OBJC_WEAK = YES;
				CLANG_WARN_BLOCK_CAPTURE_AUTORELEASING = YES;
				CLANG_WARN_BOOL_CONVERSION = YES;
				CLANG_WARN_COMMA = YES;
				CLANG_WARN_CONSTANT_CONVERSION = YES;
				CLANG_WARN_DEPRECATED_OBJC_IMPLEMENTATIONS = YES;
				CLANG_WARN_DIRECT_OBJC_ISA_USAGE = YES_ERROR;
				CLANG_WARN_DOCUMENTATION_COMMENTS = YES;
				CLANG_WARN_EMPTY_BODY = YES;
				CLANG_WARN_ENUM_CONVERSION = YES;
				CLANG_WARN_INFINITE_RECURSION = YES;
				CLANG_WARN_INT_CONVERSION = YES;
				CLANG_WARN_NON_LITERAL_NULL_CONVERSION = YES;
				CLANG_WARN_OBJC_IMPLICIT_RETAIN_SELF = YES;
				CLANG_WARN_OBJC_LITERAL_CONVERSION = YES;
				CLANG_WARN_OBJC_ROOT_CLASS = YES_ERROR;
				CLANG_WARN_QUOTED_INCLUDE_IN_FRAMEWORK_HEADER = YES;
				CLANG_WARN_RANGE_LOOP_ANALYSIS = YES;
				CLANG_WARN_STRICT_PROTOTYPES = YES;
				CLANG_WARN_SUSPICIOUS_MOVE = YES;
				CLANG_WARN_UNGUARDED_AVAILABILITY = YES_AGGRESSIVE;
				CLANG_WARN_UNREACHABLE_CODE = YES;
				CLANG_WARN__DUPLICATE_METHOD_MATCH = YES;
				COPY_PHASE_STRIP = NO;
				DEBUG_INFORMATION_FORMAT = dwarf;
				ENABLE_STRICT_OBJC_MSGSEND = YES;
				ENABLE_TESTABILITY = YES;
				GCC_C_LANGUAGE_STANDARD = gnu11;
				GCC_DYNAMIC_NO_PIC = NO;
				GCC_NO_COMMON_BLOCKS = YES;
				GCC_OPTIMIZATION_LEVEL = 0;
				GCC_PREPROCESSOR_DEFINITIONS = (
					"DEBUG=1",
					"$(inherited)",
				);
				GCC_WARN_64_TO_32_BIT_CONVERSION = YES;
				GCC_WARN_ABOUT_RETURN_TYPE = YES_ERROR;
				GCC_WARN_UNDECLARED_SELECTOR = YES;
				GCC_WARN_UNINITIALIZED_AUTOS = YES_AGGRESSIVE;
				GCC_WARN_UNUSED_FUNCTION = YES;
				GCC_WARN_UNUSED_VARIABLE = YES;
				IPHONEOS_DEPLOYMENT_TARGET = 16.1;
				MTL_ENABLE_DEBUG_INFO = INCLUDE_SOURCE;
				MTL_FAST_MATH = YES;
				ONLY_ACTIVE_ARCH = YES;
				SDKROOT = iphoneos;
				SWIFT_ACTIVE_COMPILATION_CONDITIONS = DEBUG;
				SWIFT_OPTIMIZATION_LEVEL = "-Onone";
			};
			name = Debug;
		};
		84968F34298278420071DDA0 /* Release */ = {
			isa = XCBuildConfiguration;
			buildSettings = {
				ALWAYS_SEARCH_USER_PATHS = NO;
				CLANG_ANALYZER_NONNULL = YES;
				CLANG_ANALYZER_NUMBER_OBJECT_CONVERSION = YES_AGGRESSIVE;
				CLANG_CXX_LANGUAGE_STANDARD = "gnu++20";
				CLANG_ENABLE_MODULES = YES;
				CLANG_ENABLE_OBJC_ARC = YES;
				CLANG_ENABLE_OBJC_WEAK = YES;
				CLANG_WARN_BLOCK_CAPTURE_AUTORELEASING = YES;
				CLANG_WARN_BOOL_CONVERSION = YES;
				CLANG_WARN_COMMA = YES;
				CLANG_WARN_CONSTANT_CONVERSION = YES;
				CLANG_WARN_DEPRECATED_OBJC_IMPLEMENTATIONS = YES;
				CLANG_WARN_DIRECT_OBJC_ISA_USAGE = YES_ERROR;
				CLANG_WARN_DOCUMENTATION_COMMENTS = YES;
				CLANG_WARN_EMPTY_BODY = YES;
				CLANG_WARN_ENUM_CONVERSION = YES;
				CLANG_WARN_INFINITE_RECURSION = YES;
				CLANG_WARN_INT_CONVERSION = YES;
				CLANG_WARN_NON_LITERAL_NULL_CONVERSION = YES;
				CLANG_WARN_OBJC_IMPLICIT_RETAIN_SELF = YES;
				CLANG_WARN_OBJC_LITERAL_CONVERSION = YES;
				CLANG_WARN_OBJC_ROOT_CLASS = YES_ERROR;
				CLANG_WARN_QUOTED_INCLUDE_IN_FRAMEWORK_HEADER = YES;
				CLANG_WARN_RANGE_LOOP_ANALYSIS = YES;
				CLANG_WARN_STRICT_PROTOTYPES = YES;
				CLANG_WARN_SUSPICIOUS_MOVE = YES;
				CLANG_WARN_UNGUARDED_AVAILABILITY = YES_AGGRESSIVE;
				CLANG_WARN_UNREACHABLE_CODE = YES;
				CLANG_WARN__DUPLICATE_METHOD_MATCH = YES;
				COPY_PHASE_STRIP = NO;
				DEBUG_INFORMATION_FORMAT = "dwarf-with-dsym";
				ENABLE_NS_ASSERTIONS = NO;
				ENABLE_STRICT_OBJC_MSGSEND = YES;
				GCC_C_LANGUAGE_STANDARD = gnu11;
				GCC_NO_COMMON_BLOCKS = YES;
				GCC_WARN_64_TO_32_BIT_CONVERSION = YES;
				GCC_WARN_ABOUT_RETURN_TYPE = YES_ERROR;
				GCC_WARN_UNDECLARED_SELECTOR = YES;
				GCC_WARN_UNINITIALIZED_AUTOS = YES_AGGRESSIVE;
				GCC_WARN_UNUSED_FUNCTION = YES;
				GCC_WARN_UNUSED_VARIABLE = YES;
				IPHONEOS_DEPLOYMENT_TARGET = 16.1;
				MTL_ENABLE_DEBUG_INFO = NO;
				MTL_FAST_MATH = YES;
				SDKROOT = iphoneos;
				SWIFT_COMPILATION_MODE = wholemodule;
				SWIFT_OPTIMIZATION_LEVEL = "-O";
				VALIDATE_PRODUCT = YES;
			};
			name = Release;
		};
		84968F36298278420071DDA0 /* Debug */ = {
			isa = XCBuildConfiguration;
			baseConfigurationReference = E4830B3AC3A469ECD27CEC2B /* Pods-try_car.debug.xcconfig */;
			buildSettings = {
				ASSETCATALOG_COMPILER_APPICON_NAME = AppIcon;
				ASSETCATALOG_COMPILER_GLOBAL_ACCENT_COLOR_NAME = AccentColor;
				CODE_SIGN_STYLE = Automatic;
				CURRENT_PROJECT_VERSION = 1;
				DEVELOPMENT_ASSET_PATHS = "\"try_car/Preview Content\"";
				DEVELOPMENT_TEAM = 78S4FLDYX6;
				ENABLE_PREVIEWS = YES;
				GENERATE_INFOPLIST_FILE = YES;
				INFOPLIST_KEY_UIApplicationSceneManifest_Generation = YES;
				INFOPLIST_KEY_UIApplicationSupportsIndirectInputEvents = YES;
				INFOPLIST_KEY_UILaunchScreen_Generation = YES;
				INFOPLIST_KEY_UISupportedInterfaceOrientations_iPad = "UIInterfaceOrientationPortrait UIInterfaceOrientationPortraitUpsideDown UIInterfaceOrientationLandscapeLeft UIInterfaceOrientationLandscapeRight";
				INFOPLIST_KEY_UISupportedInterfaceOrientations_iPhone = "UIInterfaceOrientationPortrait UIInterfaceOrientationLandscapeLeft UIInterfaceOrientationLandscapeRight";
				LD_RUNPATH_SEARCH_PATHS = (
					"$(inherited)",
					"@executable_path/Frameworks",
				);
				MARKETING_VERSION = 1.0;
				PRODUCT_BUNDLE_IDENTIFIER = "com.mostafa.try-car";
				PRODUCT_NAME = "$(TARGET_NAME)";
				SUPPORTED_PLATFORMS = "iphoneos iphonesimulator";
				SUPPORTS_MACCATALYST = NO;
				SUPPORTS_MAC_DESIGNED_FOR_IPHONE_IPAD = NO;
				SWIFT_EMIT_LOC_STRINGS = YES;
				SWIFT_VERSION = 5.0;
				TARGETED_DEVICE_FAMILY = 1;
			};
			name = Debug;
		};
		84968F37298278420071DDA0 /* Release */ = {
			isa = XCBuildConfiguration;
			baseConfigurationReference = 665DF80F08191C5B71152805 /* Pods-try_car.release.xcconfig */;
			buildSettings = {
				ASSETCATALOG_COMPILER_APPICON_NAME = AppIcon;
				ASSETCATALOG_COMPILER_GLOBAL_ACCENT_COLOR_NAME = AccentColor;
				CODE_SIGN_STYLE = Automatic;
				CURRENT_PROJECT_VERSION = 1;
				DEVELOPMENT_ASSET_PATHS = "\"try_car/Preview Content\"";
				DEVELOPMENT_TEAM = 78S4FLDYX6;
				ENABLE_PREVIEWS = YES;
				GENERATE_INFOPLIST_FILE = YES;
				INFOPLIST_KEY_UIApplicationSceneManifest_Generation = YES;
				INFOPLIST_KEY_UIApplicationSupportsIndirectInputEvents = YES;
				INFOPLIST_KEY_UILaunchScreen_Generation = YES;
				INFOPLIST_KEY_UISupportedInterfaceOrientations_iPad = "UIInterfaceOrientationPortrait UIInterfaceOrientationPortraitUpsideDown UIInterfaceOrientationLandscapeLeft UIInterfaceOrientationLandscapeRight";
				INFOPLIST_KEY_UISupportedInterfaceOrientations_iPhone = "UIInterfaceOrientationPortrait UIInterfaceOrientationLandscapeLeft UIInterfaceOrientationLandscapeRight";
				LD_RUNPATH_SEARCH_PATHS = (
					"$(inherited)",
					"@executable_path/Frameworks",
				);
				MARKETING_VERSION = 1.0;
				PRODUCT_BUNDLE_IDENTIFIER = "com.mostafa.try-car";
				PRODUCT_NAME = "$(TARGET_NAME)";
				SUPPORTED_PLATFORMS = "iphoneos iphonesimulator";
				SUPPORTS_MACCATALYST = NO;
				SUPPORTS_MAC_DESIGNED_FOR_IPHONE_IPAD = NO;
				SWIFT_EMIT_LOC_STRINGS = YES;
				SWIFT_VERSION = 5.0;
				TARGETED_DEVICE_FAMILY = 1;
			};
			name = Release;
		};
/* End XCBuildConfiguration section */

/* Begin XCConfigurationList section */
		84968F1D298278400071DDA0 /* Build configuration list for PBXProject "try_car" */ = {
			isa = XCConfigurationList;
			buildConfigurations = (
				84968F33298278420071DDA0 /* Debug */,
				84968F34298278420071DDA0 /* Release */,
			);
			defaultConfigurationIsVisible = 0;
			defaultConfigurationName = Release;
		};
		84968F35298278420071DDA0 /* Build configuration list for PBXNativeTarget "try_car" */ = {
			isa = XCConfigurationList;
			buildConfigurations = (
				84968F36298278420071DDA0 /* Debug */,
				84968F37298278420071DDA0 /* Release */,
			);
			defaultConfigurationIsVisible = 0;
			defaultConfigurationName = Release;
		};
/* End XCConfigurationList section */

/* Begin XCVersionGroup section */
		84968F30298278420071DDA0 /* try_car.xcdatamodeld */ = {
			isa = XCVersionGroup;
			children = (
				84968F31298278420071DDA0 /* try_car.xcdatamodel */,
			);
			currentVersion = 84968F31298278420071DDA0 /* try_car.xcdatamodel */;
			path = try_car.xcdatamodeld;
			sourceTree = "<group>";
			versionGroupType = wrapper.xcdatamodel;
		};
/* End XCVersionGroup section */
	};
	rootObject = 84968F1A298278400071DDA0 /* Project object */;
}
